// !$*UTF8*$!
{
	archiveVersion = 1;
	classes = {
	};
	objectVersion = 46;
	objects = {

/* Begin PBXBuildFile section */
		9771E9C91CB898A7006B6FF6 /* Main.storyboard in Resources */ = {isa = PBXBuildFile; fileRef = 9771E9C71CB898A7006B6FF6 /* Main.storyboard */; };
		9771E9CB1CB898A7006B6FF6 /* Assets.xcassets in Resources */ = {isa = PBXBuildFile; fileRef = 9771E9CA1CB898A7006B6FF6 /* Assets.xcassets */; };
		9771E9CE1CB898A7006B6FF6 /* LaunchScreen.storyboard in Resources */ = {isa = PBXBuildFile; fileRef = 9771E9CC1CB898A7006B6FF6 /* LaunchScreen.storyboard */; };
		9771E9D61CB89BD2006B6FF6 /* libsqlite3.tbd in Frameworks */ = {isa = PBXBuildFile; fileRef = 9771E9D51CB89BD2006B6FF6 /* libsqlite3.tbd */; };
		9771E9EB1CB8B260006B6FF6 /* AppDelegate.swift in Sources */ = {isa = PBXBuildFile; fileRef = 9771E9E21CB8B260006B6FF6 /* AppDelegate.swift */; };
		9771E9EC1CB8B260006B6FF6 /* ViewController.swift in Sources */ = {isa = PBXBuildFile; fileRef = 9771E9E41CB8B260006B6FF6 /* ViewController.swift */; };
		9771E9ED1CB8B260006B6FF6 /* SQLiteManager.swift in Sources */ = {isa = PBXBuildFile; fileRef = 9771E9EA1CB8B260006B6FF6 /* SQLiteManager.swift */; };
		9771E9EF1CB8B34E006B6FF6 /* Common.swift in Sources */ = {isa = PBXBuildFile; fileRef = 9771E9EE1CB8B34E006B6FF6 /* Common.swift */; };
		9771E9F31CBCE6CD006B6FF6 /* RecordListTableViewCell.swift in Sources */ = {isa = PBXBuildFile; fileRef = 9771E9F21CBCE6CD006B6FF6 /* RecordListTableViewCell.swift */; };
		9771E9FA1CBCE889006B6FF6 /* RecordTableViewController.swift in Sources */ = {isa = PBXBuildFile; fileRef = 9771E9F91CBCE889006B6FF6 /* RecordTableViewController.swift */; };
		9771EA001CBDDC4C006B6FF6 /* Users.swift in Sources */ = {isa = PBXBuildFile; fileRef = 9771E9FF1CBDDC4C006B6FF6 /* Users.swift */; };
		97E47C691CBFEFF0008E1943 /* User.swift in Sources */ = {isa = PBXBuildFile; fileRef = 97E47C681CBFEFF0008E1943 /* User.swift */; };
		97E47C6B1CBFF006008E1943 /* UserFeature.swift in Sources */ = {isa = PBXBuildFile; fileRef = 97E47C6A1CBFF006008E1943 /* UserFeature.swift */; };
		97E47C6D1CC095EC008E1943 /* RecordListViewController.swift in Sources */ = {isa = PBXBuildFile; fileRef = 97E47C6C1CC095EC008E1943 /* RecordListViewController.swift */; };
		97E47C6F1CC09615008E1943 /* RecordFeatureTableViewController.swift in Sources */ = {isa = PBXBuildFile; fileRef = 97E47C6E1CC09615008E1943 /* RecordFeatureTableViewController.swift */; };
		97E47C711CC09869008E1943 /* RecordListCell.swift in Sources */ = {isa = PBXBuildFile; fileRef = 97E47C701CC09869008E1943 /* RecordListCell.swift */; };
		C8A75D189B1D14C3D826AB98 /* Pods_Account.framework in Frameworks */ = {isa = PBXBuildFile; fileRef = 89A8B8DD074932811F5534EF /* Pods_Account.framework */; };
/* End PBXBuildFile section */

/* Begin PBXFileReference section */
		89A8B8DD074932811F5534EF /* Pods_Account.framework */ = {isa = PBXFileReference; explicitFileType = wrapper.framework; includeInIndex = 0; path = Pods_Account.framework; sourceTree = BUILT_PRODUCTS_DIR; };
		9771E9C01CB898A7006B6FF6 /* Account.app */ = {isa = PBXFileReference; explicitFileType = wrapper.application; includeInIndex = 0; path = Account.app; sourceTree = BUILT_PRODUCTS_DIR; };
		9771E9C81CB898A7006B6FF6 /* Base */ = {isa = PBXFileReference; lastKnownFileType = file.storyboard; name = Base; path = Base.lproj/Main.storyboard; sourceTree = "<group>"; };
		9771E9CA1CB898A7006B6FF6 /* Assets.xcassets */ = {isa = PBXFileReference; lastKnownFileType = folder.assetcatalog; path = Assets.xcassets; sourceTree = "<group>"; };
		9771E9CD1CB898A7006B6FF6 /* Base */ = {isa = PBXFileReference; lastKnownFileType = file.storyboard; name = Base; path = Base.lproj/LaunchScreen.storyboard; sourceTree = "<group>"; };
		9771E9CF1CB898A7006B6FF6 /* Info.plist */ = {isa = PBXFileReference; lastKnownFileType = text.plist.xml; path = Info.plist; sourceTree = "<group>"; };
		9771E9D51CB89BD2006B6FF6 /* libsqlite3.tbd */ = {isa = PBXFileReference; lastKnownFileType = "sourcecode.text-based-dylib-definition"; name = libsqlite3.tbd; path = usr/lib/libsqlite3.tbd; sourceTree = SDKROOT; };
		9771E9E21CB8B260006B6FF6 /* AppDelegate.swift */ = {isa = PBXFileReference; fileEncoding = 4; lastKnownFileType = sourcecode.swift; path = AppDelegate.swift; sourceTree = "<group>"; };
		9771E9E41CB8B260006B6FF6 /* ViewController.swift */ = {isa = PBXFileReference; fileEncoding = 4; lastKnownFileType = sourcecode.swift; path = ViewController.swift; sourceTree = "<group>"; };
		9771E9E81CB8B260006B6FF6 /* Account-Bridging-Header.h */ = {isa = PBXFileReference; fileEncoding = 4; lastKnownFileType = sourcecode.c.h; path = "Account-Bridging-Header.h"; sourceTree = "<group>"; };
		9771E9EA1CB8B260006B6FF6 /* SQLiteManager.swift */ = {isa = PBXFileReference; fileEncoding = 4; lastKnownFileType = sourcecode.swift; path = SQLiteManager.swift; sourceTree = "<group>"; };
		9771E9EE1CB8B34E006B6FF6 /* Common.swift */ = {isa = PBXFileReference; fileEncoding = 4; lastKnownFileType = sourcecode.swift; path = Common.swift; sourceTree = "<group>"; };
		9771E9F21CBCE6CD006B6FF6 /* RecordListTableViewCell.swift */ = {isa = PBXFileReference; fileEncoding = 4; lastKnownFileType = sourcecode.swift; path = RecordListTableViewCell.swift; sourceTree = "<group>"; };
		9771E9F91CBCE889006B6FF6 /* RecordTableViewController.swift */ = {isa = PBXFileReference; fileEncoding = 4; lastKnownFileType = sourcecode.swift; path = RecordTableViewController.swift; sourceTree = "<group>"; };
		9771E9FF1CBDDC4C006B6FF6 /* Users.swift */ = {isa = PBXFileReference; fileEncoding = 4; lastKnownFileType = sourcecode.swift; path = Users.swift; sourceTree = "<group>"; };
		97E47C681CBFEFF0008E1943 /* User.swift */ = {isa = PBXFileReference; fileEncoding = 4; lastKnownFileType = sourcecode.swift; path = User.swift; sourceTree = "<group>"; };
		97E47C6A1CBFF006008E1943 /* UserFeature.swift */ = {isa = PBXFileReference; fileEncoding = 4; lastKnownFileType = sourcecode.swift; path = UserFeature.swift; sourceTree = "<group>"; };
		97E47C6C1CC095EC008E1943 /* RecordListViewController.swift */ = {isa = PBXFileReference; fileEncoding = 4; lastKnownFileType = sourcecode.swift; path = RecordListViewController.swift; sourceTree = "<group>"; };
		97E47C6E1CC09615008E1943 /* RecordFeatureTableViewController.swift */ = {isa = PBXFileReference; fileEncoding = 4; lastKnownFileType = sourcecode.swift; path = RecordFeatureTableViewController.swift; sourceTree = "<group>"; };
		97E47C701CC09869008E1943 /* RecordListCell.swift */ = {isa = PBXFileReference; fileEncoding = 4; lastKnownFileType = sourcecode.swift; path = RecordListCell.swift; sourceTree = "<group>"; };
		ABFC20A6ED3B85725F3B1177 /* Pods-Account.release.xcconfig */ = {isa = PBXFileReference; includeInIndex = 1; lastKnownFileType = text.xcconfig; name = "Pods-Account.release.xcconfig"; path = "Pods/Target Support Files/Pods-Account/Pods-Account.release.xcconfig"; sourceTree = "<group>"; };
		DB95A9580D86387F6CE219B3 /* Pods-Account.debug.xcconfig */ = {isa = PBXFileReference; includeInIndex = 1; lastKnownFileType = text.xcconfig; name = "Pods-Account.debug.xcconfig"; path = "Pods/Target Support Files/Pods-Account/Pods-Account.debug.xcconfig"; sourceTree = "<group>"; };
/* End PBXFileReference section */

/* Begin PBXFrameworksBuildPhase section */
		9771E9BD1CB898A7006B6FF6 /* Frameworks */ = {
			isa = PBXFrameworksBuildPhase;
			buildActionMask = 2147483647;
			files = (
				9771E9D61CB89BD2006B6FF6 /* libsqlite3.tbd in Frameworks */,
				C8A75D189B1D14C3D826AB98 /* Pods_Account.framework in Frameworks */,
			);
			runOnlyForDeploymentPostprocessing = 0;
		};
/* End PBXFrameworksBuildPhase section */

/* Begin PBXGroup section */
		100D00A4E1107C02C6A7BD9B /* Pods */ = {
			isa = PBXGroup;
			children = (
				DB95A9580D86387F6CE219B3 /* Pods-Account.debug.xcconfig */,
				ABFC20A6ED3B85725F3B1177 /* Pods-Account.release.xcconfig */,
			);
			name = Pods;
			sourceTree = "<group>";
		};
		9771E9B71CB898A7006B6FF6 = {
			isa = PBXGroup;
			children = (
				9771E9C21CB898A7006B6FF6 /* Account */,
				9771E9C11CB898A7006B6FF6 /* Products */,
				9771E9D51CB89BD2006B6FF6 /* libsqlite3.tbd */,
				100D00A4E1107C02C6A7BD9B /* Pods */,
				E8575992B6D0533317D91220 /* Frameworks */,
			);
			sourceTree = "<group>";
		};
		9771E9C11CB898A7006B6FF6 /* Products */ = {
			isa = PBXGroup;
			children = (
				9771E9C01CB898A7006B6FF6 /* Account.app */,
			);
			name = Products;
			sourceTree = "<group>";
		};
		9771E9C21CB898A7006B6FF6 /* Account */ = {
			isa = PBXGroup;
			children = (
				9771E9E01CB8B260006B6FF6 /* Class */,
				9771E9C71CB898A7006B6FF6 /* Main.storyboard */,
				9771E9CA1CB898A7006B6FF6 /* Assets.xcassets */,
				9771E9CC1CB898A7006B6FF6 /* LaunchScreen.storyboard */,
				9771E9CF1CB898A7006B6FF6 /* Info.plist */,
			);
			path = Account;
			sourceTree = "<group>";
		};
		9771E9E01CB8B260006B6FF6 /* Class */ = {
			isa = PBXGroup;
			children = (
				9771E9E11CB8B260006B6FF6 /* Main */,
				9771E9F51CBCE866006B6FF6 /* Record */,
				9771E9E71CB8B260006B6FF6 /* Other */,
				9771E9E91CB8B260006B6FF6 /* Tools */,
				97E47C641CBFEF8B008E1943 /* PublicModel */,
			);
			path = Class;
			sourceTree = "<group>";
		};
		9771E9E11CB8B260006B6FF6 /* Main */ = {
			isa = PBXGroup;
			children = (
				9771E9E21CB8B260006B6FF6 /* AppDelegate.swift */,
				9771E9E31CB8B260006B6FF6 /* Controller */,
				9771E9E61CB8B260006B6FF6 /* View */,
			);
			path = Main;
			sourceTree = "<group>";
		};
		9771E9E31CB8B260006B6FF6 /* Controller */ = {
			isa = PBXGroup;
			children = (
				9771E9E41CB8B260006B6FF6 /* ViewController.swift */,
			);
			path = Controller;
			sourceTree = "<group>";
		};
		9771E9E61CB8B260006B6FF6 /* View */ = {
			isa = PBXGroup;
			children = (
				9771E9F21CBCE6CD006B6FF6 /* RecordListTableViewCell.swift */,
			);
			path = View;
			sourceTree = "<group>";
		};
		9771E9E71CB8B260006B6FF6 /* Other */ = {
			isa = PBXGroup;
			children = (
				9771E9E81CB8B260006B6FF6 /* Account-Bridging-Header.h */,
			);
			path = Other;
			sourceTree = "<group>";
		};
		9771E9E91CB8B260006B6FF6 /* Tools */ = {
			isa = PBXGroup;
			children = (
				9771E9EA1CB8B260006B6FF6 /* SQLiteManager.swift */,
				9771E9EE1CB8B34E006B6FF6 /* Common.swift */,
			);
			path = Tools;
			sourceTree = "<group>";
		};
		9771E9F51CBCE866006B6FF6 /* Record */ = {
			isa = PBXGroup;
			children = (
				9771E9F61CBCE866006B6FF6 /* Controller */,
				9771E9F71CBCE866006B6FF6 /* Model */,
				9771E9F81CBCE866006B6FF6 /* View */,
			);
			path = Record;
			sourceTree = "<group>";
		};
		9771E9F61CBCE866006B6FF6 /* Controller */ = {
			isa = PBXGroup;
			children = (
				9771E9F91CBCE889006B6FF6 /* RecordTableViewController.swift */,
				97E47C6C1CC095EC008E1943 /* RecordListViewController.swift */,
				97E47C6E1CC09615008E1943 /* RecordFeatureTableViewController.swift */,
			);
			path = Controller;
			sourceTree = "<group>";
		};
		9771E9F71CBCE866006B6FF6 /* Model */ = {
			isa = PBXGroup;
			children = (
				9771E9FF1CBDDC4C006B6FF6 /* Users.swift */,
			);
			path = Model;
			sourceTree = "<group>";
		};
		9771E9F81CBCE866006B6FF6 /* View */ = {
			isa = PBXGroup;
			children = (
				97E47C701CC09869008E1943 /* RecordListCell.swift */,
			);
			path = View;
			sourceTree = "<group>";
		};
		97E47C641CBFEF8B008E1943 /* PublicModel */ = {
			isa = PBXGroup;
			children = (
				97E47C681CBFEFF0008E1943 /* User.swift */,
				97E47C6A1CBFF006008E1943 /* UserFeature.swift */,
			);
			path = PublicModel;
			sourceTree = "<group>";
		};
		E8575992B6D0533317D91220 /* Frameworks */ = {
			isa = PBXGroup;
			children = (
				89A8B8DD074932811F5534EF /* Pods_Account.framework */,
			);
			name = Frameworks;
			sourceTree = "<group>";
		};
/* End PBXGroup section */

/* Begin PBXNativeTarget section */
		9771E9BF1CB898A7006B6FF6 /* Account */ = {
			isa = PBXNativeTarget;
			buildConfigurationList = 9771E9D21CB898A7006B6FF6 /* Build configuration list for PBXNativeTarget "Account" */;
			buildPhases = (
				6C32402C0A7A94EBAADEDA29 /* 📦 Check Pods Manifest.lock */,
				9771E9BC1CB898A7006B6FF6 /* Sources */,
				9771E9BD1CB898A7006B6FF6 /* Frameworks */,
				9771E9BE1CB898A7006B6FF6 /* Resources */,
				B1473B9B78B39DA18A77BD06 /* 📦 Embed Pods Frameworks */,
				0A250E6C61D09C6C517F73A2 /* 📦 Copy Pods Resources */,
				1D056E5CB439D1D032FB3C36 /* Embed Pods Frameworks */,
			);
			buildRules = (
			);
			dependencies = (
			);
			name = Account;
			productName = Account;
			productReference = 9771E9C01CB898A7006B6FF6 /* Account.app */;
			productType = "com.apple.product-type.application";
		};
/* End PBXNativeTarget section */

/* Begin PBXProject section */
		9771E9B81CB898A7006B6FF6 /* Project object */ = {
			isa = PBXProject;
			attributes = {
				LastSwiftUpdateCheck = 0730;
				LastUpgradeCheck = 0730;
				ORGANIZATIONNAME = shiyue;
				TargetAttributes = {
					9771E9BF1CB898A7006B6FF6 = {
						CreatedOnToolsVersion = 7.3;
						DevelopmentTeam = 9N99GRV8KF;
					};
				};
			};
			buildConfigurationList = 9771E9BB1CB898A7006B6FF6 /* Build configuration list for PBXProject "Account" */;
			compatibilityVersion = "Xcode 3.2";
			developmentRegion = English;
			hasScannedForEncodings = 0;
			knownRegions = (
				en,
				Base,
			);
			mainGroup = 9771E9B71CB898A7006B6FF6;
			productRefGroup = 9771E9C11CB898A7006B6FF6 /* Products */;
			projectDirPath = "";
			projectRoot = "";
			targets = (
				9771E9BF1CB898A7006B6FF6 /* Account */,
			);
		};
/* End PBXProject section */

/* Begin PBXResourcesBuildPhase section */
		9771E9BE1CB898A7006B6FF6 /* Resources */ = {
			isa = PBXResourcesBuildPhase;
			buildActionMask = 2147483647;
			files = (
				9771E9CE1CB898A7006B6FF6 /* LaunchScreen.storyboard in Resources */,
				9771E9CB1CB898A7006B6FF6 /* Assets.xcassets in Resources */,
				9771E9C91CB898A7006B6FF6 /* Main.storyboard in Resources */,
			);
			runOnlyForDeploymentPostprocessing = 0;
		};
/* End PBXResourcesBuildPhase section */

/* Begin PBXShellScriptBuildPhase section */
		0A250E6C61D09C6C517F73A2 /* 📦 Copy Pods Resources */ = {
			isa = PBXShellScriptBuildPhase;
			buildActionMask = 2147483647;
			files = (
			);
			inputPaths = (
			);
			name = "📦 Copy Pods Resources";
			outputPaths = (
			);
			runOnlyForDeploymentPostprocessing = 0;
			shellPath = /bin/sh;
			shellScript = "\"${SRCROOT}/Pods/Target Support Files/Pods-Account/Pods-Account-resources.sh\"\n";
			showEnvVarsInLog = 0;
		};
		1D056E5CB439D1D032FB3C36 /* Embed Pods Frameworks */ = {
			isa = PBXShellScriptBuildPhase;
			buildActionMask = 2147483647;
			files = (
			);
			inputPaths = (
			);
			name = "Embed Pods Frameworks";
			outputPaths = (
			);
			runOnlyForDeploymentPostprocessing = 0;
			shellPath = /bin/sh;
			shellScript = "\"${SRCROOT}/Pods/Target Support Files/Pods-Account/Pods-Account-frameworks.sh\"\n";
			showEnvVarsInLog = 0;
		};
		6C32402C0A7A94EBAADEDA29 /* 📦 Check Pods Manifest.lock */ = {
			isa = PBXShellScriptBuildPhase;
			buildActionMask = 2147483647;
			files = (
			);
			inputPaths = (
			);
			name = "📦 Check Pods Manifest.lock";
			outputPaths = (
			);
			runOnlyForDeploymentPostprocessing = 0;
			shellPath = /bin/sh;
			shellScript = "diff \"${PODS_ROOT}/../Podfile.lock\" \"${PODS_ROOT}/Manifest.lock\" > /dev/null\nif [[ $? != 0 ]] ; then\n    cat << EOM\nerror: The sandbox is not in sync with the Podfile.lock. Run 'pod install' or update your CocoaPods installation.\nEOM\n    exit 1\nfi\n";
			showEnvVarsInLog = 0;
		};
		B1473B9B78B39DA18A77BD06 /* 📦 Embed Pods Frameworks */ = {
			isa = PBXShellScriptBuildPhase;
			buildActionMask = 2147483647;
			files = (
			);
			inputPaths = (
			);
			name = "📦 Embed Pods Frameworks";
			outputPaths = (
			);
			runOnlyForDeploymentPostprocessing = 0;
			shellPath = /bin/sh;
			shellScript = "\"${SRCROOT}/Pods/Target Support Files/Pods-Account/Pods-Account-frameworks.sh\"\n";
			showEnvVarsInLog = 0;
		};
/* End PBXShellScriptBuildPhase section */

/* Begin PBXSourcesBuildPhase section */
		9771E9BC1CB898A7006B6FF6 /* Sources */ = {
			isa = PBXSourcesBuildPhase;
			buildActionMask = 2147483647;
			files = (
				97E47C6B1CBFF006008E1943 /* UserFeature.swift in Sources */,
				9771E9EF1CB8B34E006B6FF6 /* Common.swift in Sources */,
				9771EA001CBDDC4C006B6FF6 /* Users.swift in Sources */,
				9771E9ED1CB8B260006B6FF6 /* SQLiteManager.swift in Sources */,
				9771E9FA1CBCE889006B6FF6 /* RecordTableViewController.swift in Sources */,
				97E47C6D1CC095EC008E1943 /* RecordListViewController.swift in Sources */,
				97E47C711CC09869008E1943 /* RecordListCell.swift in Sources */,
				9771E9EC1CB8B260006B6FF6 /* ViewController.swift in Sources */,
				97E47C6F1CC09615008E1943 /* RecordFeatureTableViewController.swift in Sources */,
				9771E9F31CBCE6CD006B6FF6 /* RecordListTableViewCell.swift in Sources */,
				97E47C691CBFEFF0008E1943 /* User.swift in Sources */,
				9771E9EB1CB8B260006B6FF6 /* AppDelegate.swift in Sources */,
			);
			runOnlyForDeploymentPostprocessing = 0;
		};
/* End PBXSourcesBuildPhase section */

/* Begin PBXVariantGroup section */
		9771E9C71CB898A7006B6FF6 /* Main.storyboard */ = {
			isa = PBXVariantGroup;
			children = (
				9771E9C81CB898A7006B6FF6 /* Base */,
			);
			name = Main.storyboard;
			sourceTree = "<group>";
		};
		9771E9CC1CB898A7006B6FF6 /* LaunchScreen.storyboard */ = {
			isa = PBXVariantGroup;
			children = (
				9771E9CD1CB898A7006B6FF6 /* Base */,
			);
			name = LaunchScreen.storyboard;
			sourceTree = "<group>";
		};
/* End PBXVariantGroup section */

/* Begin XCBuildConfiguration section */
		9771E9D01CB898A7006B6FF6 /* Debug */ = {
			isa = XCBuildConfiguration;
			buildSettings = {
				ALWAYS_SEARCH_USER_PATHS = NO;
				CLANG_ANALYZER_NONNULL = YES;
				CLANG_CXX_LANGUAGE_STANDARD = "gnu++0x";
				CLANG_CXX_LIBRARY = "libc++";
				CLANG_ENABLE_MODULES = YES;
				CLANG_ENABLE_OBJC_ARC = YES;
				CLANG_WARN_BOOL_CONVERSION = YES;
				CLANG_WARN_CONSTANT_CONVERSION = YES;
				CLANG_WARN_DIRECT_OBJC_ISA_USAGE = YES_ERROR;
				CLANG_WARN_EMPTY_BODY = YES;
				CLANG_WARN_ENUM_CONVERSION = YES;
				CLANG_WARN_INT_CONVERSION = YES;
				CLANG_WARN_OBJC_ROOT_CLASS = YES_ERROR;
				CLANG_WARN_UNREACHABLE_CODE = YES;
				CLANG_WARN__DUPLICATE_METHOD_MATCH = YES;
				"CODE_SIGN_IDENTITY[sdk=iphoneos*]" = "iPhone Developer";
				COPY_PHASE_STRIP = NO;
				DEBUG_INFORMATION_FORMAT = dwarf;
				ENABLE_STRICT_OBJC_MSGSEND = YES;
				ENABLE_TESTABILITY = YES;
				GCC_C_LANGUAGE_STANDARD = gnu99;
				GCC_DYNAMIC_NO_PIC = NO;
				GCC_NO_COMMON_BLOCKS = YES;
				GCC_OPTIMIZATION_LEVEL = 0;
				GCC_PREPROCESSOR_DEFINITIONS = (
					"DEBUG=1",
					"$(inherited)",
				);
				GCC_WARN_64_TO_32_BIT_CONVERSION = YES;
				GCC_WARN_ABOUT_RETURN_TYPE = YES_ERROR;
				GCC_WARN_UNDECLARED_SELECTOR = YES;
				GCC_WARN_UNINITIALIZED_AUTOS = YES_AGGRESSIVE;
				GCC_WARN_UNUSED_FUNCTION = YES;
				GCC_WARN_UNUSED_VARIABLE = YES;
				IPHONEOS_DEPLOYMENT_TARGET = 9.3;
				MTL_ENABLE_DEBUG_INFO = YES;
				ONLY_ACTIVE_ARCH = YES;
				SDKROOT = iphoneos;
				SWIFT_OPTIMIZATION_LEVEL = "-Onone";
			};
			name = Debug;
		};
		9771E9D11CB898A7006B6FF6 /* Release */ = {
			isa = XCBuildConfiguration;
			buildSettings = {
				ALWAYS_SEARCH_USER_PATHS = NO;
				CLANG_ANALYZER_NONNULL = YES;
				CLANG_CXX_LANGUAGE_STANDARD = "gnu++0x";
				CLANG_CXX_LIBRARY = "libc++";
				CLANG_ENABLE_MODULES = YES;
				CLANG_ENABLE_OBJC_ARC = YES;
				CLANG_WARN_BOOL_CONVERSION = YES;
				CLANG_WARN_CONSTANT_CONVERSION = YES;
				CLANG_WARN_DIRECT_OBJC_ISA_USAGE = YES_ERROR;
				CLANG_WARN_EMPTY_BODY = YES;
				CLANG_WARN_ENUM_CONVERSION = YES;
				CLANG_WARN_INT_CONVERSION = YES;
				CLANG_WARN_OBJC_ROOT_CLASS = YES_ERROR;
				CLANG_WARN_UNREACHABLE_CODE = YES;
				CLANG_WARN__DUPLICATE_METHOD_MATCH = YES;
				"CODE_SIGN_IDENTITY[sdk=iphoneos*]" = "iPhone Developer";
				COPY_PHASE_STRIP = NO;
				DEBUG_INFORMATION_FORMAT = "dwarf-with-dsym";
				ENABLE_NS_ASSERTIONS = NO;
				ENABLE_STRICT_OBJC_MSGSEND = YES;
				GCC_C_LANGUAGE_STANDARD = gnu99;
				GCC_NO_COMMON_BLOCKS = YES;
				GCC_WARN_64_TO_32_BIT_CONVERSION = YES;
				GCC_WARN_ABOUT_RETURN_TYPE = YES_ERROR;
				GCC_WARN_UNDECLARED_SELECTOR = YES;
				GCC_WARN_UNINITIALIZED_AUTOS = YES_AGGRESSIVE;
				GCC_WARN_UNUSED_FUNCTION = YES;
				GCC_WARN_UNUSED_VARIABLE = YES;
				IPHONEOS_DEPLOYMENT_TARGET = 9.3;
				MTL_ENABLE_DEBUG_INFO = NO;
				SDKROOT = iphoneos;
				VALIDATE_PRODUCT = YES;
			};
			name = Release;
		};
		9771E9D31CB898A7006B6FF6 /* Debug */ = {
			isa = XCBuildConfiguration;
			baseConfigurationReference = DB95A9580D86387F6CE219B3 /* Pods-Account.debug.xcconfig */;
			buildSettings = {
				ASSETCATALOG_COMPILER_APPICON_NAME = AppIcon;
				CLANG_ENABLE_MODULES = YES;
				CODE_SIGN_IDENTITY = "iPhone Developer";
				"CODE_SIGN_IDENTITY[sdk=iphoneos*]" = "iPhone Developer";
				EMBEDDED_CONTENT_CONTAINS_SWIFT = YES;
				INFOPLIST_FILE = Account/Info.plist;
				LD_RUNPATH_SEARCH_PATHS = "$(inherited) @executable_path/Frameworks";
				PRODUCT_BUNDLE_IDENTIFIER = com.Account.app;
				PRODUCT_NAME = "$(TARGET_NAME)";
				PROVISIONING_PROFILE = "";
				SWIFT_OBJC_BRIDGING_HEADER = "Account/Class/Other/Account-Bridging-Header.h";
				SWIFT_OPTIMIZATION_LEVEL = "-Onone";
			};
			name = Debug;
		};
		9771E9D41CB898A7006B6FF6 /* Release */ = {
			isa = XCBuildConfiguration;
			baseConfigurationReference = ABFC20A6ED3B85725F3B1177 /* Pods-Account.release.xcconfig */;
			buildSettings = {
				ASSETCATALOG_COMPILER_APPICON_NAME = AppIcon;
				CLANG_ENABLE_MODULES = YES;
				CODE_SIGN_IDENTITY = "iPhone Developer";
				"CODE_SIGN_IDENTITY[sdk=iphoneos*]" = "iPhone Developer";
				EMBEDDED_CONTENT_CONTAINS_SWIFT = YES;
				INFOPLIST_FILE = Account/Info.plist;
				LD_RUNPATH_SEARCH_PATHS = "$(inherited) @executable_path/Frameworks";
				PRODUCT_BUNDLE_IDENTIFIER = com.Account.app;
				PRODUCT_NAME = "$(TARGET_NAME)";
				PROVISIONING_PROFILE = "";
				SWIFT_OBJC_BRIDGING_HEADER = "Account/Class/Other/Account-Bridging-Header.h";
			};
			name = Release;
		};
/* End XCBuildConfiguration section */

/* Begin XCConfigurationList section */
		9771E9BB1CB898A7006B6FF6 /* Build configuration list for PBXProject "Account" */ = {
			isa = XCConfigurationList;
			buildConfigurations = (
				9771E9D01CB898A7006B6FF6 /* Debug */,
				9771E9D11CB898A7006B6FF6 /* Release */,
			);
			defaultConfigurationIsVisible = 0;
			defaultConfigurationName = Release;
		};
		9771E9D21CB898A7006B6FF6 /* Build configuration list for PBXNativeTarget "Account" */ = {
			isa = XCConfigurationList;
			buildConfigurations = (
				9771E9D31CB898A7006B6FF6 /* Debug */,
				9771E9D41CB898A7006B6FF6 /* Release */,
			);
			defaultConfigurationIsVisible = 0;
			defaultConfigurationName = Release;
		};
/* End XCConfigurationList section */
	};
	rootObject = 9771E9B81CB898A7006B6FF6 /* Project object */;
}
